{
  "version": 4,
  "terraform_version": "1.10.2",
  "serial": 2,
  "lineage": "9576e568-0af0-6afc-1b92-590f61017af8",
  "outputs": {},
  "resources": [
    {
      "mode": "managed",
      "type": "yandex_storage_bucket",
      "name": "state",
      "provider": "provider[\"registry.terraform.io/yandex-cloud/yandex\"]",
      "instances": [
        {
          "schema_version": 1,
          "attributes": {
            "access_key": "YCAJEZ2zU2bghSBDJJGgKGBcH",
            "acl": null,
            "anonymous_access_flags": [
              {
                "config_read": false,
                "list": false,
                "read": false
              }
            ],
            "bucket": "terrastate",
            "bucket_domain_name": "terrastate.storage.yandexcloud.net",
            "bucket_prefix": null,
            "cors_rule": [],
            "default_storage_class": "STANDARD",
            "folder_id": "b1gchoos90euojkta52j",
            "force_destroy": false,
            "grant": [],
            "https": [],
            "id": "terrastate",
            "lifecycle_rule": [],
            "logging": [],
            "max_size": 20000000,
            "object_lock_configuration": [],
            "policy": "",
            "secret_key": "YCOjwfNrIFfdI2Of1ge9OkPH4U93GRKLv9LCbIU7",
            "server_side_encryption_configuration": [],
            "tags": {},
            "versioning": [
              {
                "enabled": false
              }
            ],
            "website": [],
            "website_domain": null,
            "website_endpoint": null
          },
          "sensitive_attributes": [
            [
              {
                "type": "get_attr",
                "value": "secret_key"
              }
            ]
          ],
          "private": "eyJzY2hlbWFfdmVyc2lvbiI6IjEifQ=="
        }
      ]
    }
  ],
  "check_results": null
}
